// !$*UTF8*$!
{
	archiveVersion = 1;
	classes = {
	};
	objectVersion = 77;
	objects = {

/* Begin PBXBuildFile section */
		C926BDA72D9F3323005309EB /* Localizable.stringsdict in Resources */ = {isa = PBXBuildFile; fileRef = C926BDA52D9F3323005309EB /* Localizable.stringsdict */; };
		C926BDA82D9F33F8005309EB /* Localizable.strings in Resources */ = {isa = PBXBuildFile; fileRef = C97765722D9F17FC00880CB3 /* Localizable.strings */; };
		C926BDAD2D9F42B3005309EB /* Awards.json in Resources */ = {isa = PBXBuildFile; fileRef = C926BDAC2D9F42B3005309EB /* Awards.json */; };
		C92936D92D970C2A00F0007D /* Bundle-Decodable.swift in Sources */ = {isa = PBXBuildFile; fileRef = C92936D82D970C2A00F0007D /* Bundle-Decodable.swift */; };
		C92936DD2D971B7E00F0007D /* Colors.xcassets in Resources */ = {isa = PBXBuildFile; fileRef = C92936DB2D971B7E00F0007D /* Colors.xcassets */; };
		C92936DF2D971C5C00F0007D /* Award.swift in Sources */ = {isa = PBXBuildFile; fileRef = C92936DE2D971C5C00F0007D /* Award.swift */; };
		C92936E12D971D1700F0007D /* AwardsView.swift in Sources */ = {isa = PBXBuildFile; fileRef = C92936E02D971D1700F0007D /* AwardsView.swift */; };
		C938924E2DA9B5A80094C753 /* AssetTests.swift in Sources */ = {isa = PBXBuildFile; fileRef = C93892492DA9B5A80094C753 /* AssetTests.swift */; };
		C938924F2DA9B5A80094C753 /* TagTests.swift in Sources */ = {isa = PBXBuildFile; fileRef = C938924A2DA9B5A80094C753 /* TagTests.swift */; };
		C93892502DA9B5A80094C753 /* UltimatePortfolioTests.swift in Sources */ = {isa = PBXBuildFile; fileRef = C938924C2DA9B5A80094C753 /* UltimatePortfolioTests.swift */; };
		C93892512DA9B5A80094C753 /* UltimatePortfolio.xctestplan in Resources */ = {isa = PBXBuildFile; fileRef = C938924B2DA9B5A80094C753 /* UltimatePortfolio.xctestplan */; };
		C93892532DA9B9330094C753 /* AwardsTest.swift in Sources */ = {isa = PBXBuildFile; fileRef = C93892522DA9B9330094C753 /* AwardsTest.swift */; };
		C94EB7B32D91C941008B938C /* Issue-CoreDataHelpers.swift in Sources */ = {isa = PBXBuildFile; fileRef = C94EB7B22D91C941008B938C /* Issue-CoreDataHelpers.swift */; };
		C94EB7B52D91D169008B938C /* Tag-CoreDataHelpers.swift in Sources */ = {isa = PBXBuildFile; fileRef = C94EB7B42D91D169008B938C /* Tag-CoreDataHelpers.swift */; };
		C94EB7BD2D9204B5008B938C /* IssueRow.swift in Sources */ = {isa = PBXBuildFile; fileRef = C94EB7BC2D9204B5008B938C /* IssueRow.swift */; };
		C9BBA6AD2D8CB39300C1D499 /* Preview Assets.xcassets in Resources */ = {isa = PBXBuildFile; fileRef = C9BBA6A32D8CB39300C1D499 /* Preview Assets.xcassets */; };
		C9BBA6AE2D8CB39300C1D499 /* Assets.xcassets in Resources */ = {isa = PBXBuildFile; fileRef = C9BBA6A52D8CB39300C1D499 /* Assets.xcassets */; };
		C9BBA6AF2D8CB39300C1D499 /* ContentView.swift in Sources */ = {isa = PBXBuildFile; fileRef = C9BBA6A62D8CB39300C1D499 /* ContentView.swift */; };
		C9BBA6B02D8CB39300C1D499 /* DataController.swift in Sources */ = {isa = PBXBuildFile; fileRef = C9BBA6A72D8CB39300C1D499 /* DataController.swift */; };
		C9BBA6B12D8CB39300C1D499 /* Main.xcdatamodeld in Sources */ = {isa = PBXBuildFile; fileRef = C9BBA6A82D8CB39300C1D499 /* Main.xcdatamodeld */; };
		C9BBA6B22D8CB39300C1D499 /* UltimatePortfolioApp.swift in Sources */ = {isa = PBXBuildFile; fileRef = C9BBA6AA2D8CB39300C1D499 /* UltimatePortfolioApp.swift */; };
		C9BC0F152D93135C00ABF645 /* IssueView.swift in Sources */ = {isa = PBXBuildFile; fileRef = C9BC0F142D93135C00ABF645 /* IssueView.swift */; };
		C9BC0F172D93136600ABF645 /* NoIssueView.swift in Sources */ = {isa = PBXBuildFile; fileRef = C9BC0F162D93136600ABF645 /* NoIssueView.swift */; };
		C9C037742DA05FC500B6E373 /* SideBarViewToolbar.swift in Sources */ = {isa = PBXBuildFile; fileRef = C9C037732DA05FC500B6E373 /* SideBarViewToolbar.swift */; };
		C9C037762DA0627500B6E373 /* IssueViewToolbar.swift in Sources */ = {isa = PBXBuildFile; fileRef = C9C037752DA0627500B6E373 /* IssueViewToolbar.swift */; };
		C9C037782DA0634300B6E373 /* ContentViewToolbar.swift in Sources */ = {isa = PBXBuildFile; fileRef = C9C037772DA0634300B6E373 /* ContentViewToolbar.swift */; };
		C9C0377A2DA064FC00B6E373 /* TagsMenuView.swift in Sources */ = {isa = PBXBuildFile; fileRef = C9C037792DA064FC00B6E373 /* TagsMenuView.swift */; };
		C9C0377C2DA0664000B6E373 /* SmartFilterRowView.swift in Sources */ = {isa = PBXBuildFile; fileRef = C9C0377B2DA0664000B6E373 /* SmartFilterRowView.swift */; };
		C9C0377E2DA066C600B6E373 /* UserFilterRowView.swift in Sources */ = {isa = PBXBuildFile; fileRef = C9C0377D2DA066C600B6E373 /* UserFilterRowView.swift */; };
		C9CD48FB2DAD928200E5B250 /* DevelopmentTests.swift in Sources */ = {isa = PBXBuildFile; fileRef = C9CD48FA2DAD928200E5B250 /* DevelopmentTests.swift */; };
		C9E0EB252D8DCFE0004539E1 /* SidebarView.swift in Sources */ = {isa = PBXBuildFile; fileRef = C9E0EB242D8DCFE0004539E1 /* SidebarView.swift */; };
		C9E0EB272D8DCFE6004539E1 /* DetailView.swift in Sources */ = {isa = PBXBuildFile; fileRef = C9E0EB262D8DCFE6004539E1 /* DetailView.swift */; };
		C9E0EB292D8DD1F5004539E1 /* Filter.swift in Sources */ = {isa = PBXBuildFile; fileRef = C9E0EB282D8DD1F5004539E1 /* Filter.swift */; };
/* End PBXBuildFile section */

/* Begin PBXContainerItemProxy section */
		C905B7EF2DA85F8B0034EB14 /* PBXContainerItemProxy */ = {
			isa = PBXContainerItemProxy;
			containerPortal = C9F1ED3E2D8B97EC006AAF11 /* Project object */;
			proxyType = 1;
			remoteGlobalIDString = C9F1ED452D8B97EC006AAF11;
			remoteInfo = UltimatePortfolio;
		};
/* End PBXContainerItemProxy section */

/* Begin PBXFileReference section */
		C905B7EB2DA85F8B0034EB14 /* UltimatePortfolioTests.xctest */ = {isa = PBXFileReference; explicitFileType = wrapper.cfbundle; includeInIndex = 0; path = UltimatePortfolioTests.xctest; sourceTree = BUILT_PRODUCTS_DIR; };
		C926BDA62D9F3323005309EB /* en */ = {isa = PBXFileReference; lastKnownFileType = text.plist.stringsdict; name = en; path = en.lproj/Localizable.stringsdict; sourceTree = "<group>"; };
		C926BDA92D9F4134005309EB /* hu */ = {isa = PBXFileReference; lastKnownFileType = text.plist.strings; name = hu; path = hu.lproj/Localizable.strings; sourceTree = "<group>"; };
		C926BDAA2D9F4134005309EB /* hu */ = {isa = PBXFileReference; lastKnownFileType = text.plist.stringsdict; name = hu; path = hu.lproj/Localizable.stringsdict; sourceTree = "<group>"; };
		C926BDAB2D9F42B3005309EB /* en */ = {isa = PBXFileReference; lastKnownFileType = text.json; name = en; path = en.lproj/Awards.json; sourceTree = "<group>"; };
		C926BDAE2D9F42B7005309EB /* hu */ = {isa = PBXFileReference; lastKnownFileType = text.json; name = hu; path = hu.lproj/Awards.json; sourceTree = "<group>"; };
		C92936D82D970C2A00F0007D /* Bundle-Decodable.swift */ = {isa = PBXFileReference; lastKnownFileType = sourcecode.swift; path = "Bundle-Decodable.swift"; sourceTree = "<group>"; };
		C92936DB2D971B7E00F0007D /* Colors.xcassets */ = {isa = PBXFileReference; lastKnownFileType = folder.assetcatalog; path = Colors.xcassets; sourceTree = "<group>"; };
		C92936DE2D971C5C00F0007D /* Award.swift */ = {isa = PBXFileReference; lastKnownFileType = sourcecode.swift; path = Award.swift; sourceTree = "<group>"; };
		C92936E02D971D1700F0007D /* AwardsView.swift */ = {isa = PBXFileReference; lastKnownFileType = sourcecode.swift; path = AwardsView.swift; sourceTree = "<group>"; };
		C93892492DA9B5A80094C753 /* AssetTests.swift */ = {isa = PBXFileReference; lastKnownFileType = sourcecode.swift; path = AssetTests.swift; sourceTree = "<group>"; };
		C938924A2DA9B5A80094C753 /* TagTests.swift */ = {isa = PBXFileReference; lastKnownFileType = sourcecode.swift; path = TagTests.swift; sourceTree = "<group>"; };
		C938924B2DA9B5A80094C753 /* UltimatePortfolio.xctestplan */ = {isa = PBXFileReference; lastKnownFileType = text; path = UltimatePortfolio.xctestplan; sourceTree = "<group>"; };
		C938924C2DA9B5A80094C753 /* UltimatePortfolioTests.swift */ = {isa = PBXFileReference; lastKnownFileType = sourcecode.swift; path = UltimatePortfolioTests.swift; sourceTree = "<group>"; };
		C93892522DA9B9330094C753 /* AwardsTest.swift */ = {isa = PBXFileReference; lastKnownFileType = sourcecode.swift; path = AwardsTest.swift; sourceTree = "<group>"; };
		C94EB7B22D91C941008B938C /* Issue-CoreDataHelpers.swift */ = {isa = PBXFileReference; lastKnownFileType = sourcecode.swift; path = "Issue-CoreDataHelpers.swift"; sourceTree = "<group>"; };
		C94EB7B42D91D169008B938C /* Tag-CoreDataHelpers.swift */ = {isa = PBXFileReference; lastKnownFileType = sourcecode.swift; path = "Tag-CoreDataHelpers.swift"; sourceTree = "<group>"; };
		C94EB7BC2D9204B5008B938C /* IssueRow.swift */ = {isa = PBXFileReference; lastKnownFileType = sourcecode.swift; path = IssueRow.swift; sourceTree = "<group>"; };
		C975518F2D9F47BA00B54DD9 /* es-419 */ = {isa = PBXFileReference; lastKnownFileType = text.json; name = "es-419"; path = "es-419.lproj/Awards.json"; sourceTree = "<group>"; };
		C97551902D9F47BA00B54DD9 /* es-419 */ = {isa = PBXFileReference; lastKnownFileType = text.plist.strings; name = "es-419"; path = "es-419.lproj/Localizable.strings"; sourceTree = "<group>"; };
		C97551912D9F47BA00B54DD9 /* es-419 */ = {isa = PBXFileReference; lastKnownFileType = text.plist.stringsdict; name = "es-419"; path = "es-419.lproj/Localizable.stringsdict"; sourceTree = "<group>"; };
		C97765732D9F17FC00880CB3 /* en */ = {isa = PBXFileReference; lastKnownFileType = text.plist.strings; name = en; path = en.lproj/Localizable.strings; sourceTree = "<group>"; };
		C9BBA6A32D8CB39300C1D499 /* Preview Assets.xcassets */ = {isa = PBXFileReference; lastKnownFileType = folder.assetcatalog; path = "Preview Assets.xcassets"; sourceTree = "<group>"; };
		C9BBA6A52D8CB39300C1D499 /* Assets.xcassets */ = {isa = PBXFileReference; lastKnownFileType = folder.assetcatalog; path = Assets.xcassets; sourceTree = "<group>"; };
		C9BBA6A62D8CB39300C1D499 /* ContentView.swift */ = {isa = PBXFileReference; lastKnownFileType = sourcecode.swift; path = ContentView.swift; sourceTree = "<group>"; };
		C9BBA6A72D8CB39300C1D499 /* DataController.swift */ = {isa = PBXFileReference; lastKnownFileType = sourcecode.swift; path = DataController.swift; sourceTree = "<group>"; };
		C9BBA6A92D8CB39300C1D499 /* UltimatePortfolio.entitlements */ = {isa = PBXFileReference; lastKnownFileType = text.plist.entitlements; path = UltimatePortfolio.entitlements; sourceTree = "<group>"; };
		C9BBA6AA2D8CB39300C1D499 /* UltimatePortfolioApp.swift */ = {isa = PBXFileReference; lastKnownFileType = sourcecode.swift; path = UltimatePortfolioApp.swift; sourceTree = "<group>"; };
		C9BBA6AC2D8CB39300C1D499 /* Main.xcdatamodel */ = {isa = PBXFileReference; lastKnownFileType = wrapper.xcdatamodel; path = Main.xcdatamodel; sourceTree = "<group>"; };
		C9BBA6B32D8CB4B200C1D499 /* Info.plist */ = {isa = PBXFileReference; lastKnownFileType = text.plist.xml; path = Info.plist; sourceTree = "<group>"; };
		C9BC0F142D93135C00ABF645 /* IssueView.swift */ = {isa = PBXFileReference; lastKnownFileType = sourcecode.swift; path = IssueView.swift; sourceTree = "<group>"; };
		C9BC0F162D93136600ABF645 /* NoIssueView.swift */ = {isa = PBXFileReference; lastKnownFileType = sourcecode.swift; path = NoIssueView.swift; sourceTree = "<group>"; };
		C9C037732DA05FC500B6E373 /* SideBarViewToolbar.swift */ = {isa = PBXFileReference; lastKnownFileType = sourcecode.swift; path = SideBarViewToolbar.swift; sourceTree = "<group>"; };
		C9C037752DA0627500B6E373 /* IssueViewToolbar.swift */ = {isa = PBXFileReference; lastKnownFileType = sourcecode.swift; path = IssueViewToolbar.swift; sourceTree = "<group>"; };
		C9C037772DA0634300B6E373 /* ContentViewToolbar.swift */ = {isa = PBXFileReference; lastKnownFileType = sourcecode.swift; path = ContentViewToolbar.swift; sourceTree = "<group>"; };
		C9C037792DA064FC00B6E373 /* TagsMenuView.swift */ = {isa = PBXFileReference; lastKnownFileType = sourcecode.swift; path = TagsMenuView.swift; sourceTree = "<group>"; };
		C9C0377B2DA0664000B6E373 /* SmartFilterRowView.swift */ = {isa = PBXFileReference; lastKnownFileType = sourcecode.swift; path = SmartFilterRowView.swift; sourceTree = "<group>"; };
		C9C0377D2DA066C600B6E373 /* UserFilterRowView.swift */ = {isa = PBXFileReference; lastKnownFileType = sourcecode.swift; path = UserFilterRowView.swift; sourceTree = "<group>"; };
		C9CD48FA2DAD928200E5B250 /* DevelopmentTests.swift */ = {isa = PBXFileReference; lastKnownFileType = sourcecode.swift; path = DevelopmentTests.swift; sourceTree = "<group>"; };
		C9E0EB242D8DCFE0004539E1 /* SidebarView.swift */ = {isa = PBXFileReference; lastKnownFileType = sourcecode.swift; path = SidebarView.swift; sourceTree = "<group>"; };
		C9E0EB262D8DCFE6004539E1 /* DetailView.swift */ = {isa = PBXFileReference; lastKnownFileType = sourcecode.swift; path = DetailView.swift; sourceTree = "<group>"; };
		C9E0EB282D8DD1F5004539E1 /* Filter.swift */ = {isa = PBXFileReference; lastKnownFileType = sourcecode.swift; path = Filter.swift; sourceTree = "<group>"; };
		C9F1ED462D8B97EC006AAF11 /* UltimatePortfolio.app */ = {isa = PBXFileReference; explicitFileType = wrapper.application; includeInIndex = 0; path = UltimatePortfolio.app; sourceTree = BUILT_PRODUCTS_DIR; };
/* End PBXFileReference section */

/* Begin PBXFrameworksBuildPhase section */
		C905B7E82DA85F8B0034EB14 /* Frameworks */ = {
			isa = PBXFrameworksBuildPhase;
			buildActionMask = 2147483647;
			files = (
			);
			runOnlyForDeploymentPostprocessing = 0;
		};
		C9F1ED432D8B97EC006AAF11 /* Frameworks */ = {
			isa = PBXFrameworksBuildPhase;
			buildActionMask = 2147483647;
			files = (
			);
			runOnlyForDeploymentPostprocessing = 0;
		};
/* End PBXFrameworksBuildPhase section */

/* Begin PBXGroup section */
		C905B7A62DA8517B0034EB14 /* Extensions */ = {
			isa = PBXGroup;
			children = (
				C92936D82D970C2A00F0007D /* Bundle-Decodable.swift */,
				C94EB7B22D91C941008B938C /* Issue-CoreDataHelpers.swift */,
				C94EB7B42D91D169008B938C /* Tag-CoreDataHelpers.swift */,
			);
			path = Extensions;
			sourceTree = "<group>";
		};
		C905B7A72DA851900034EB14 /* Localization */ = {
			isa = PBXGroup;
			children = (
				C97765722D9F17FC00880CB3 /* Localizable.strings */,
				C926BDA52D9F3323005309EB /* Localizable.stringsdict */,
			);
			path = Localization;
			sourceTree = "<group>";
		};
		C905B7A82DA851A50034EB14 /* Configuration */ = {
			isa = PBXGroup;
			children = (
				C9BBA6A92D8CB39300C1D499 /* UltimatePortfolio.entitlements */,
				C9BBA6B32D8CB4B200C1D499 /* Info.plist */,
				C9BBA6A82D8CB39300C1D499 /* Main.xcdatamodeld */,
			);
			path = Configuration;
			sourceTree = "<group>";
		};
		C905B7A92DA855A80034EB14 /* Filters */ = {
			isa = PBXGroup;
			children = (
				C9E0EB282D8DD1F5004539E1 /* Filter.swift */,
				C9E0EB242D8DCFE0004539E1 /* SidebarView.swift */,
				C9C037732DA05FC500B6E373 /* SideBarViewToolbar.swift */,
				C9C0377B2DA0664000B6E373 /* SmartFilterRowView.swift */,
				C9C0377D2DA066C600B6E373 /* UserFilterRowView.swift */,
			);
			path = Filters;
			sourceTree = "<group>";
		};
		C905B7AA2DA855AD0034EB14 /* Issues */ = {
			isa = PBXGroup;
			children = (
				C9BBA6A62D8CB39300C1D499 /* ContentView.swift */,
				C9C037772DA0634300B6E373 /* ContentViewToolbar.swift */,
				C94EB7BC2D9204B5008B938C /* IssueRow.swift */,
			);
			path = Issues;
			sourceTree = "<group>";
		};
		C905B7AB2DA855B20034EB14 /* Editing */ = {
			isa = PBXGroup;
			children = (
				C9E0EB262D8DCFE6004539E1 /* DetailView.swift */,
				C9BC0F142D93135C00ABF645 /* IssueView.swift */,
				C9C037752DA0627500B6E373 /* IssueViewToolbar.swift */,
				C9BC0F162D93136600ABF645 /* NoIssueView.swift */,
				C9C037792DA064FC00B6E373 /* TagsMenuView.swift */,
			);
			path = Editing;
			sourceTree = "<group>";
		};
		C905B7AC2DA855B90034EB14 /* Awards */ = {
			isa = PBXGroup;
			children = (
				C92936DE2D971C5C00F0007D /* Award.swift */,
				C92936E02D971D1700F0007D /* AwardsView.swift */,
				C926BDAC2D9F42B3005309EB /* Awards.json */,
			);
			path = Awards;
			sourceTree = "<group>";
		};
		C938924D2DA9B5A80094C753 /* UltimatePortfolioTests */ = {
			isa = PBXGroup;
			children = (
				C938924B2DA9B5A80094C753 /* UltimatePortfolio.xctestplan */,
				C938924C2DA9B5A80094C753 /* UltimatePortfolioTests.swift */,
				C93892492DA9B5A80094C753 /* AssetTests.swift */,
				C93892522DA9B9330094C753 /* AwardsTest.swift */,
				C9CD48FA2DAD928200E5B250 /* DevelopmentTests.swift */,
				C938924A2DA9B5A80094C753 /* TagTests.swift */,
			);
			path = UltimatePortfolioTests;
			sourceTree = "<group>";
		};
		C9BBA6A42D8CB39300C1D499 /* Preview Content */ = {
			isa = PBXGroup;
			children = (
				C9BBA6A32D8CB39300C1D499 /* Preview Assets.xcassets */,
			);
			path = "Preview Content";
			sourceTree = "<group>";
		};
		C9BBA6AB2D8CB39300C1D499 /* UltimatePortfolio */ = {
			isa = PBXGroup;
			children = (
				C905B7A92DA855A80034EB14 /* Filters */,
				C905B7AA2DA855AD0034EB14 /* Issues */,
				C905B7AB2DA855B20034EB14 /* Editing */,
				C905B7AC2DA855B90034EB14 /* Awards */,
				C905B7A62DA8517B0034EB14 /* Extensions */,
				C905B7A72DA851900034EB14 /* Localization */,
				C905B7A82DA851A50034EB14 /* Configuration */,
				C9BBA6AA2D8CB39300C1D499 /* UltimatePortfolioApp.swift */,
				C9BBA6A72D8CB39300C1D499 /* DataController.swift */,
				C92936DB2D971B7E00F0007D /* Colors.xcassets */,
				C9BBA6A52D8CB39300C1D499 /* Assets.xcassets */,
				C9BBA6A42D8CB39300C1D499 /* Preview Content */,
			);
			path = UltimatePortfolio;
			sourceTree = "<group>";
		};
		C9F1ED3D2D8B97EC006AAF11 = {
			isa = PBXGroup;
			children = (
				C9BBA6AB2D8CB39300C1D499 /* UltimatePortfolio */,
				C938924D2DA9B5A80094C753 /* UltimatePortfolioTests */,
				C9F1ED472D8B97EC006AAF11 /* Products */,
			);
			sourceTree = "<group>";
		};
		C9F1ED472D8B97EC006AAF11 /* Products */ = {
			isa = PBXGroup;
			children = (
				C9F1ED462D8B97EC006AAF11 /* UltimatePortfolio.app */,
				C905B7EB2DA85F8B0034EB14 /* UltimatePortfolioTests.xctest */,
			);
			name = Products;
			sourceTree = "<group>";
		};
/* End PBXGroup section */

/* Begin PBXNativeTarget section */
		C905B7EA2DA85F8B0034EB14 /* UltimatePortfolioTests */ = {
			isa = PBXNativeTarget;
			buildConfigurationList = C905B7F32DA85F8B0034EB14 /* Build configuration list for PBXNativeTarget "UltimatePortfolioTests" */;
			buildPhases = (
				C905B7E72DA85F8B0034EB14 /* Sources */,
				C905B7E82DA85F8B0034EB14 /* Frameworks */,
				C905B7E92DA85F8B0034EB14 /* Resources */,
			);
			buildRules = (
			);
			dependencies = (
				C905B7F02DA85F8B0034EB14 /* PBXTargetDependency */,
			);
			name = UltimatePortfolioTests;
			packageProductDependencies = (
			);
			productName = UltimatePortfolioTests;
			productReference = C905B7EB2DA85F8B0034EB14 /* UltimatePortfolioTests.xctest */;
			productType = "com.apple.product-type.bundle.unit-test";
		};
		C9F1ED452D8B97EC006AAF11 /* UltimatePortfolio */ = {
			isa = PBXNativeTarget;
			buildConfigurationList = C9F1ED552D8B97ED006AAF11 /* Build configuration list for PBXNativeTarget "UltimatePortfolio" */;
			buildPhases = (
				C9F1ED422D8B97EC006AAF11 /* Sources */,
				C9F1ED432D8B97EC006AAF11 /* Frameworks */,
				C9F1ED442D8B97EC006AAF11 /* Resources */,
			);
			buildRules = (
			);
			dependencies = (
			);
			name = UltimatePortfolio;
			packageProductDependencies = (
			);
			productName = UltimatePortfolio;
			productReference = C9F1ED462D8B97EC006AAF11 /* UltimatePortfolio.app */;
			productType = "com.apple.product-type.application";
		};
/* End PBXNativeTarget section */

/* Begin PBXProject section */
		C9F1ED3E2D8B97EC006AAF11 /* Project object */ = {
			isa = PBXProject;
			attributes = {
				BuildIndependentTargetsInParallel = 1;
				LastSwiftUpdateCheck = 1630;
				LastUpgradeCheck = 1610;
				TargetAttributes = {
					C905B7EA2DA85F8B0034EB14 = {
						CreatedOnToolsVersion = 16.3;
						TestTargetID = C9F1ED452D8B97EC006AAF11;
					};
					C9F1ED452D8B97EC006AAF11 = {
						CreatedOnToolsVersion = 16.1;
					};
				};
			};
			buildConfigurationList = C9F1ED412D8B97EC006AAF11 /* Build configuration list for PBXProject "UltimatePortfolio" */;
			developmentRegion = en;
			hasScannedForEncodings = 0;
			knownRegions = (
				en,
				Base,
				hu,
				"es-419",
			);
			mainGroup = C9F1ED3D2D8B97EC006AAF11;
			minimizedProjectReferenceProxies = 1;
			preferredProjectObjectVersion = 77;
			productRefGroup = C9F1ED472D8B97EC006AAF11 /* Products */;
			projectDirPath = "";
			projectRoot = "";
			targets = (
				C9F1ED452D8B97EC006AAF11 /* UltimatePortfolio */,
				C905B7EA2DA85F8B0034EB14 /* UltimatePortfolioTests */,
			);
		};
/* End PBXProject section */

/* Begin PBXResourcesBuildPhase section */
		C905B7E92DA85F8B0034EB14 /* Resources */ = {
			isa = PBXResourcesBuildPhase;
			buildActionMask = 2147483647;
			files = (
				C93892512DA9B5A80094C753 /* UltimatePortfolio.xctestplan in Resources */,
			);
			runOnlyForDeploymentPostprocessing = 0;
		};
		C9F1ED442D8B97EC006AAF11 /* Resources */ = {
			isa = PBXResourcesBuildPhase;
			buildActionMask = 2147483647;
			files = (
				C9BBA6AD2D8CB39300C1D499 /* Preview Assets.xcassets in Resources */,
				C926BDA82D9F33F8005309EB /* Localizable.strings in Resources */,
				C926BDAD2D9F42B3005309EB /* Awards.json in Resources */,
				C92936DD2D971B7E00F0007D /* Colors.xcassets in Resources */,
				C9BBA6AE2D8CB39300C1D499 /* Assets.xcassets in Resources */,
				C926BDA72D9F3323005309EB /* Localizable.stringsdict in Resources */,
			);
			runOnlyForDeploymentPostprocessing = 0;
		};
/* End PBXResourcesBuildPhase section */

/* Begin PBXSourcesBuildPhase section */
		C905B7E72DA85F8B0034EB14 /* Sources */ = {
			isa = PBXSourcesBuildPhase;
			buildActionMask = 2147483647;
			files = (
				C938924E2DA9B5A80094C753 /* AssetTests.swift in Sources */,
				C93892532DA9B9330094C753 /* AwardsTest.swift in Sources */,
				C938924F2DA9B5A80094C753 /* TagTests.swift in Sources */,
				C93892502DA9B5A80094C753 /* UltimatePortfolioTests.swift in Sources */,
				C9CD48FB2DAD928200E5B250 /* DevelopmentTests.swift in Sources */,
			);
			runOnlyForDeploymentPostprocessing = 0;
		};
		C9F1ED422D8B97EC006AAF11 /* Sources */ = {
			isa = PBXSourcesBuildPhase;
			buildActionMask = 2147483647;
			files = (
				C9E0EB292D8DD1F5004539E1 /* Filter.swift in Sources */,
				C9C0377A2DA064FC00B6E373 /* TagsMenuView.swift in Sources */,
				C92936DF2D971C5C00F0007D /* Award.swift in Sources */,
				C9C037762DA0627500B6E373 /* IssueViewToolbar.swift in Sources */,
				C92936E12D971D1700F0007D /* AwardsView.swift in Sources */,
				C9C0377E2DA066C600B6E373 /* UserFilterRowView.swift in Sources */,
				C94EB7B52D91D169008B938C /* Tag-CoreDataHelpers.swift in Sources */,
				C9BBA6AF2D8CB39300C1D499 /* ContentView.swift in Sources */,
				C94EB7B32D91C941008B938C /* Issue-CoreDataHelpers.swift in Sources */,
				C92936D92D970C2A00F0007D /* Bundle-Decodable.swift in Sources */,
				C9E0EB272D8DCFE6004539E1 /* DetailView.swift in Sources */,
				C9BBA6B02D8CB39300C1D499 /* DataController.swift in Sources */,
				C9C0377C2DA0664000B6E373 /* SmartFilterRowView.swift in Sources */,
				C9C037782DA0634300B6E373 /* ContentViewToolbar.swift in Sources */,
				C9E0EB252D8DCFE0004539E1 /* SidebarView.swift in Sources */,
				C9BBA6B12D8CB39300C1D499 /* Main.xcdatamodeld in Sources */,
				C9C037742DA05FC500B6E373 /* SideBarViewToolbar.swift in Sources */,
				C9BC0F152D93135C00ABF645 /* IssueView.swift in Sources */,
				C9BC0F172D93136600ABF645 /* NoIssueView.swift in Sources */,
				C94EB7BD2D9204B5008B938C /* IssueRow.swift in Sources */,
				C9BBA6B22D8CB39300C1D499 /* UltimatePortfolioApp.swift in Sources */,
			);
			runOnlyForDeploymentPostprocessing = 0;
		};
/* End PBXSourcesBuildPhase section */

/* Begin PBXTargetDependency section */
		C905B7F02DA85F8B0034EB14 /* PBXTargetDependency */ = {
			isa = PBXTargetDependency;
			target = C9F1ED452D8B97EC006AAF11 /* UltimatePortfolio */;
			targetProxy = C905B7EF2DA85F8B0034EB14 /* PBXContainerItemProxy */;
		};
/* End PBXTargetDependency section */

/* Begin PBXVariantGroup section */
		C926BDA52D9F3323005309EB /* Localizable.stringsdict */ = {
			isa = PBXVariantGroup;
			children = (
				C926BDA62D9F3323005309EB /* en */,
				C926BDAA2D9F4134005309EB /* hu */,
				C97551912D9F47BA00B54DD9 /* es-419 */,
			);
			name = Localizable.stringsdict;
			sourceTree = "<group>";
		};
		C926BDAC2D9F42B3005309EB /* Awards.json */ = {
			isa = PBXVariantGroup;
			children = (
				C926BDAB2D9F42B3005309EB /* en */,
				C926BDAE2D9F42B7005309EB /* hu */,
				C975518F2D9F47BA00B54DD9 /* es-419 */,
			);
			name = Awards.json;
			sourceTree = "<group>";
		};
		C97765722D9F17FC00880CB3 /* Localizable.strings */ = {
			isa = PBXVariantGroup;
			children = (
				C97765732D9F17FC00880CB3 /* en */,
				C926BDA92D9F4134005309EB /* hu */,
				C97551902D9F47BA00B54DD9 /* es-419 */,
			);
			name = Localizable.strings;
			sourceTree = "<group>";
		};
/* End PBXVariantGroup section */

/* Begin XCBuildConfiguration section */
		C905B7F12DA85F8B0034EB14 /* Debug */ = {
			isa = XCBuildConfiguration;
			buildSettings = {
				BUNDLE_LOADER = "$(TEST_HOST)";
				CODE_SIGN_STYLE = Automatic;
				CURRENT_PROJECT_VERSION = 1;
				DEVELOPMENT_TEAM = F7BUD43D47;
				GENERATE_INFOPLIST_FILE = YES;
				IPHONEOS_DEPLOYMENT_TARGET = 18.4;
				MARKETING_VERSION = 1.0;
				PRODUCT_BUNDLE_IDENTIFIER = com.kevinhe.UltimatePortfolioTests;
				PRODUCT_NAME = "$(TARGET_NAME)";
				SDKROOT = iphoneos;
				SWIFT_EMIT_LOC_STRINGS = NO;
				SWIFT_VERSION = 5.0;
				TARGETED_DEVICE_FAMILY = "1,2";
				TEST_HOST = "$(BUILT_PRODUCTS_DIR)/UltimatePortfolio.app/$(BUNDLE_EXECUTABLE_FOLDER_PATH)/UltimatePortfolio";
			};
			name = Debug;
		};
		C905B7F22DA85F8B0034EB14 /* Release */ = {
			isa = XCBuildConfiguration;
			buildSettings = {
				BUNDLE_LOADER = "$(TEST_HOST)";
				CODE_SIGN_STYLE = Automatic;
				CURRENT_PROJECT_VERSION = 1;
				DEVELOPMENT_TEAM = F7BUD43D47;
				GENERATE_INFOPLIST_FILE = YES;
				IPHONEOS_DEPLOYMENT_TARGET = 18.4;
				MARKETING_VERSION = 1.0;
				PRODUCT_BUNDLE_IDENTIFIER = com.kevinhe.UltimatePortfolioTests;
				PRODUCT_NAME = "$(TARGET_NAME)";
				SDKROOT = iphoneos;
				SWIFT_EMIT_LOC_STRINGS = NO;
				SWIFT_VERSION = 5.0;
				TARGETED_DEVICE_FAMILY = "1,2";
				TEST_HOST = "$(BUILT_PRODUCTS_DIR)/UltimatePortfolio.app/$(BUNDLE_EXECUTABLE_FOLDER_PATH)/UltimatePortfolio";
				VALIDATE_PRODUCT = YES;
			};
			name = Release;
		};
		C9F1ED532D8B97ED006AAF11 /* Debug */ = {
			isa = XCBuildConfiguration;
			buildSettings = {
				ALWAYS_SEARCH_USER_PATHS = NO;
				ASSETCATALOG_COMPILER_GENERATE_SWIFT_ASSET_SYMBOL_EXTENSIONS = YES;
				CLANG_ANALYZER_LOCALIZABILITY_NONLOCALIZED = YES;
				CLANG_ANALYZER_NONNULL = YES;
				CLANG_ANALYZER_NUMBER_OBJECT_CONVERSION = YES_AGGRESSIVE;
				CLANG_CXX_LANGUAGE_STANDARD = "gnu++20";
				CLANG_ENABLE_MODULES = YES;
				CLANG_ENABLE_OBJC_ARC = YES;
				CLANG_ENABLE_OBJC_WEAK = YES;
				CLANG_WARN_BLOCK_CAPTURE_AUTORELEASING = YES;
				CLANG_WARN_BOOL_CONVERSION = YES;
				CLANG_WARN_COMMA = YES;
				CLANG_WARN_CONSTANT_CONVERSION = YES;
				CLANG_WARN_DEPRECATED_OBJC_IMPLEMENTATIONS = YES;
				CLANG_WARN_DIRECT_OBJC_ISA_USAGE = YES_ERROR;
				CLANG_WARN_DOCUMENTATION_COMMENTS = YES;
				CLANG_WARN_EMPTY_BODY = YES;
				CLANG_WARN_ENUM_CONVERSION = YES;
				CLANG_WARN_INFINITE_RECURSION = YES;
				CLANG_WARN_INT_CONVERSION = YES;
				CLANG_WARN_NON_LITERAL_NULL_CONVERSION = YES;
				CLANG_WARN_OBJC_IMPLICIT_RETAIN_SELF = YES;
				CLANG_WARN_OBJC_LITERAL_CONVERSION = YES;
				CLANG_WARN_OBJC_ROOT_CLASS = YES_ERROR;
				CLANG_WARN_QUOTED_INCLUDE_IN_FRAMEWORK_HEADER = YES;
				CLANG_WARN_RANGE_LOOP_ANALYSIS = YES;
				CLANG_WARN_STRICT_PROTOTYPES = YES;
				CLANG_WARN_SUSPICIOUS_MOVE = YES;
				CLANG_WARN_UNGUARDED_AVAILABILITY = YES_AGGRESSIVE;
				CLANG_WARN_UNREACHABLE_CODE = YES;
				CLANG_WARN__DUPLICATE_METHOD_MATCH = YES;
				COPY_PHASE_STRIP = NO;
				DEBUG_INFORMATION_FORMAT = dwarf;
				ENABLE_STRICT_OBJC_MSGSEND = YES;
				ENABLE_TESTABILITY = YES;
				ENABLE_USER_SCRIPT_SANDBOXING = YES;
				GCC_C_LANGUAGE_STANDARD = gnu17;
				GCC_DYNAMIC_NO_PIC = NO;
				GCC_NO_COMMON_BLOCKS = YES;
				GCC_OPTIMIZATION_LEVEL = 0;
				GCC_PREPROCESSOR_DEFINITIONS = (
					"DEBUG=1",
					"$(inherited)",
				);
				GCC_WARN_64_TO_32_BIT_CONVERSION = YES;
				GCC_WARN_ABOUT_RETURN_TYPE = YES_ERROR;
				GCC_WARN_UNDECLARED_SELECTOR = YES;
				GCC_WARN_UNINITIALIZED_AUTOS = YES_AGGRESSIVE;
				GCC_WARN_UNUSED_FUNCTION = YES;
				GCC_WARN_UNUSED_VARIABLE = YES;
				LOCALIZATION_PREFERS_STRING_CATALOGS = YES;
				MTL_ENABLE_DEBUG_INFO = INCLUDE_SOURCE;
				MTL_FAST_MATH = YES;
				ONLY_ACTIVE_ARCH = YES;
				SWIFT_ACTIVE_COMPILATION_CONDITIONS = "DEBUG $(inherited)";
				SWIFT_OPTIMIZATION_LEVEL = "-Onone";
			};
			name = Debug;
		};
		C9F1ED542D8B97ED006AAF11 /* Release */ = {
			isa = XCBuildConfiguration;
			buildSettings = {
				ALWAYS_SEARCH_USER_PATHS = NO;
				ASSETCATALOG_COMPILER_GENERATE_SWIFT_ASSET_SYMBOL_EXTENSIONS = YES;
				CLANG_ANALYZER_LOCALIZABILITY_NONLOCALIZED = YES;
				CLANG_ANALYZER_NONNULL = YES;
				CLANG_ANALYZER_NUMBER_OBJECT_CONVERSION = YES_AGGRESSIVE;
				CLANG_CXX_LANGUAGE_STANDARD = "gnu++20";
				CLANG_ENABLE_MODULES = YES;
				CLANG_ENABLE_OBJC_ARC = YES;
				CLANG_ENABLE_OBJC_WEAK = YES;
				CLANG_WARN_BLOCK_CAPTURE_AUTORELEASING = YES;
				CLANG_WARN_BOOL_CONVERSION = YES;
				CLANG_WARN_COMMA = YES;
				CLANG_WARN_CONSTANT_CONVERSION = YES;
				CLANG_WARN_DEPRECATED_OBJC_IMPLEMENTATIONS = YES;
				CLANG_WARN_DIRECT_OBJC_ISA_USAGE = YES_ERROR;
				CLANG_WARN_DOCUMENTATION_COMMENTS = YES;
				CLANG_WARN_EMPTY_BODY = YES;
				CLANG_WARN_ENUM_CONVERSION = YES;
				CLANG_WARN_INFINITE_RECURSION = YES;
				CLANG_WARN_INT_CONVERSION = YES;
				CLANG_WARN_NON_LITERAL_NULL_CONVERSION = YES;
				CLANG_WARN_OBJC_IMPLICIT_RETAIN_SELF = YES;
				CLANG_WARN_OBJC_LITERAL_CONVERSION = YES;
				CLANG_WARN_OBJC_ROOT_CLASS = YES_ERROR;
				CLANG_WARN_QUOTED_INCLUDE_IN_FRAMEWORK_HEADER = YES;
				CLANG_WARN_RANGE_LOOP_ANALYSIS = YES;
				CLANG_WARN_STRICT_PROTOTYPES = YES;
				CLANG_WARN_SUSPICIOUS_MOVE = YES;
				CLANG_WARN_UNGUARDED_AVAILABILITY = YES_AGGRESSIVE;
				CLANG_WARN_UNREACHABLE_CODE = YES;
				CLANG_WARN__DUPLICATE_METHOD_MATCH = YES;
				COPY_PHASE_STRIP = NO;
				DEBUG_INFORMATION_FORMAT = "dwarf-with-dsym";
				ENABLE_NS_ASSERTIONS = NO;
				ENABLE_STRICT_OBJC_MSGSEND = YES;
				ENABLE_USER_SCRIPT_SANDBOXING = YES;
				GCC_C_LANGUAGE_STANDARD = gnu17;
				GCC_NO_COMMON_BLOCKS = YES;
				GCC_WARN_64_TO_32_BIT_CONVERSION = YES;
				GCC_WARN_ABOUT_RETURN_TYPE = YES_ERROR;
				GCC_WARN_UNDECLARED_SELECTOR = YES;
				GCC_WARN_UNINITIALIZED_AUTOS = YES_AGGRESSIVE;
				GCC_WARN_UNUSED_FUNCTION = YES;
				GCC_WARN_UNUSED_VARIABLE = YES;
				LOCALIZATION_PREFERS_STRING_CATALOGS = YES;
				MTL_ENABLE_DEBUG_INFO = NO;
				MTL_FAST_MATH = YES;
				SWIFT_COMPILATION_MODE = wholemodule;
			};
			name = Release;
		};
		C9F1ED562D8B97ED006AAF11 /* Debug */ = {
			isa = XCBuildConfiguration;
			buildSettings = {
				ASSETCATALOG_COMPILER_APPICON_NAME = AppIcon;
				ASSETCATALOG_COMPILER_GLOBAL_ACCENT_COLOR_NAME = AccentColor;
				CODE_SIGN_ENTITLEMENTS = UltimatePortfolio/Configuration/UltimatePortfolio.entitlements;
				CODE_SIGN_STYLE = Automatic;
				CURRENT_PROJECT_VERSION = 1;
				DEVELOPMENT_ASSET_PATHS = "\"UltimatePortfolio/Preview Content\"";
				DEVELOPMENT_TEAM = L5MH9KP95U;
				ENABLE_HARDENED_RUNTIME = YES;
				ENABLE_PREVIEWS = YES;
				GENERATE_INFOPLIST_FILE = YES;
				INFOPLIST_FILE = UltimatePortfolio/Configuration/Info.plist;
				"INFOPLIST_KEY_UIApplicationSceneManifest_Generation[sdk=iphoneos*]" = YES;
				"INFOPLIST_KEY_UIApplicationSceneManifest_Generation[sdk=iphonesimulator*]" = YES;
				"INFOPLIST_KEY_UIApplicationSupportsIndirectInputEvents[sdk=iphoneos*]" = YES;
				"INFOPLIST_KEY_UIApplicationSupportsIndirectInputEvents[sdk=iphonesimulator*]" = YES;
				"INFOPLIST_KEY_UILaunchScreen_Generation[sdk=iphoneos*]" = YES;
				"INFOPLIST_KEY_UILaunchScreen_Generation[sdk=iphonesimulator*]" = YES;
				"INFOPLIST_KEY_UIStatusBarStyle[sdk=iphoneos*]" = UIStatusBarStyleDefault;
				"INFOPLIST_KEY_UIStatusBarStyle[sdk=iphonesimulator*]" = UIStatusBarStyleDefault;
				INFOPLIST_KEY_UISupportedInterfaceOrientations_iPad = "UIInterfaceOrientationPortrait UIInterfaceOrientationPortraitUpsideDown UIInterfaceOrientationLandscapeLeft UIInterfaceOrientationLandscapeRight";
				INFOPLIST_KEY_UISupportedInterfaceOrientations_iPhone = "UIInterfaceOrientationPortrait UIInterfaceOrientationLandscapeLeft UIInterfaceOrientationLandscapeRight";
				IPHONEOS_DEPLOYMENT_TARGET = 18.1;
				LD_RUNPATH_SEARCH_PATHS = "@executable_path/Frameworks";
				"LD_RUNPATH_SEARCH_PATHS[sdk=macosx*]" = "@executable_path/../Frameworks";
				MACOSX_DEPLOYMENT_TARGET = 15.1;
				MARKETING_VERSION = 1.0;
				PRODUCT_BUNDLE_IDENTIFIER = com.ravecodesolutions.ultimateportfolioapp;
				PRODUCT_NAME = "$(TARGET_NAME)";
				SDKROOT = auto;
				SUPPORTED_PLATFORMS = "iphoneos iphonesimulator macosx xros xrsimulator";
				SWIFT_EMIT_LOC_STRINGS = YES;
				SWIFT_VERSION = 5.0;
				TARGETED_DEVICE_FAMILY = "1,2,7";
				XROS_DEPLOYMENT_TARGET = 2.1;
			};
			name = Debug;
		};
		C9F1ED572D8B97ED006AAF11 /* Release */ = {
			isa = XCBuildConfiguration;
			buildSettings = {
				ASSETCATALOG_COMPILER_APPICON_NAME = AppIcon;
				ASSETCATALOG_COMPILER_GLOBAL_ACCENT_COLOR_NAME = AccentColor;
				CODE_SIGN_ENTITLEMENTS = UltimatePortfolio/Configuration/UltimatePortfolio.entitlements;
				CODE_SIGN_STYLE = Automatic;
				CURRENT_PROJECT_VERSION = 1;
				DEVELOPMENT_ASSET_PATHS = "\"UltimatePortfolio/Preview Content\"";
				DEVELOPMENT_TEAM = L5MH9KP95U;
				ENABLE_HARDENED_RUNTIME = YES;
				ENABLE_PREVIEWS = YES;
				GENERATE_INFOPLIST_FILE = YES;
				INFOPLIST_FILE = UltimatePortfolio/Configuration/Info.plist;
				"INFOPLIST_KEY_UIApplicationSceneManifest_Generation[sdk=iphoneos*]" = YES;
				"INFOPLIST_KEY_UIApplicationSceneManifest_Generation[sdk=iphonesimulator*]" = YES;
				"INFOPLIST_KEY_UIApplicationSupportsIndirectInputEvents[sdk=iphoneos*]" = YES;
				"INFOPLIST_KEY_UIApplicationSupportsIndirectInputEvents[sdk=iphonesimulator*]" = YES;
				"INFOPLIST_KEY_UILaunchScreen_Generation[sdk=iphoneos*]" = YES;
				"INFOPLIST_KEY_UILaunchScreen_Generation[sdk=iphonesimulator*]" = YES;
				"INFOPLIST_KEY_UIStatusBarStyle[sdk=iphoneos*]" = UIStatusBarStyleDefault;
				"INFOPLIST_KEY_UIStatusBarStyle[sdk=iphonesimulator*]" = UIStatusBarStyleDefault;
				INFOPLIST_KEY_UISupportedInterfaceOrientations_iPad = "UIInterfaceOrientationPortrait UIInterfaceOrientationPortraitUpsideDown UIInterfaceOrientationLandscapeLeft UIInterfaceOrientationLandscapeRight";
				INFOPLIST_KEY_UISupportedInterfaceOrientations_iPhone = "UIInterfaceOrientationPortrait UIInterfaceOrientationLandscapeLeft UIInterfaceOrientationLandscapeRight";
				IPHONEOS_DEPLOYMENT_TARGET = 18.1;
				LD_RUNPATH_SEARCH_PATHS = "@executable_path/Frameworks";
				"LD_RUNPATH_SEARCH_PATHS[sdk=macosx*]" = "@executable_path/../Frameworks";
				MACOSX_DEPLOYMENT_TARGET = 15.1;
				MARKETING_VERSION = 1.0;
				PRODUCT_BUNDLE_IDENTIFIER = com.ravecodesolutions.ultimateportfolioapp;
				PRODUCT_NAME = "$(TARGET_NAME)";
				SDKROOT = auto;
				SUPPORTED_PLATFORMS = "iphoneos iphonesimulator macosx xros xrsimulator";
				SWIFT_EMIT_LOC_STRINGS = YES;
				SWIFT_VERSION = 5.0;
				TARGETED_DEVICE_FAMILY = "1,2,7";
				XROS_DEPLOYMENT_TARGET = 2.1;
			};
			name = Release;
		};
/* End XCBuildConfiguration section */

/* Begin XCConfigurationList section */
		C905B7F32DA85F8B0034EB14 /* Build configuration list for PBXNativeTarget "UltimatePortfolioTests" */ = {
			isa = XCConfigurationList;
			buildConfigurations = (
				C905B7F12DA85F8B0034EB14 /* Debug */,
				C905B7F22DA85F8B0034EB14 /* Release */,
			);
			defaultConfigurationIsVisible = 0;
			defaultConfigurationName = Release;
		};
		C9F1ED412D8B97EC006AAF11 /* Build configuration list for PBXProject "UltimatePortfolio" */ = {
			isa = XCConfigurationList;
			buildConfigurations = (
				C9F1ED532D8B97ED006AAF11 /* Debug */,
				C9F1ED542D8B97ED006AAF11 /* Release */,
			);
			defaultConfigurationIsVisible = 0;
			defaultConfigurationName = Release;
		};
		C9F1ED552D8B97ED006AAF11 /* Build configuration list for PBXNativeTarget "UltimatePortfolio" */ = {
			isa = XCConfigurationList;
			buildConfigurations = (
				C9F1ED562D8B97ED006AAF11 /* Debug */,
				C9F1ED572D8B97ED006AAF11 /* Release */,
			);
			defaultConfigurationIsVisible = 0;
			defaultConfigurationName = Release;
		};
/* End XCConfigurationList section */

/* Begin XCVersionGroup section */
		C9BBA6A82D8CB39300C1D499 /* Main.xcdatamodeld */ = {
			isa = XCVersionGroup;
			children = (
				C9BBA6AC2D8CB39300C1D499 /* Main.xcdatamodel */,
			);
			currentVersion = C9BBA6AC2D8CB39300C1D499 /* Main.xcdatamodel */;
			path = Main.xcdatamodeld;
			sourceTree = "<group>";
			versionGroupType = wrapper.xcdatamodel;
		};
/* End XCVersionGroup section */
	};
	rootObject = C9F1ED3E2D8B97EC006AAF11 /* Project object */;
}
